
Microsoft Visual Studio Solution File, Format Version 12.00
# Visual Studio 2013
VisualStudioVersion = 12.0.31101.0
MinimumVisualStudioVersion = 10.0.40219.1
Project("{FAE04EC0-301F-11D3-BF4B-00C04F79EFBC}") = "Rx.Contrib", "Rx.Contrib.csproj", "{794D33C6-3A71-4F5E-9128-7EDB2926E0DE}"
EndProject
Global
	GlobalSection(SolutionConfigurationPlatforms) = preSolution
		Debug|Any CPU = Debug|Any CPU
		Release|Any CPU = Release|Any CPU
	EndGlobalSection
	GlobalSection(ProjectConfigurationPlatforms) = postSolution
		{794D33C6-3A71-4F5E-9128-7EDB2926E0DE}.Debug|Any CPU.ActiveCfg = Debug|Any CPU
		{794D33C6-3A71-4F5E-9128-7EDB2926E0DE}.Debug|Any CPU.Build.0 = Debug|Any CPU
		{794D33C6-3A71-4F5E-9128-7EDB2926E0DE}.Release|Any CPU.ActiveCfg = Release|Any CPU
		{794D33C6-3A71-4F5E-9128-7EDB2926E0DE}.Release|Any CPU.Build.0 = Release|Any CPU
	EndGlobalSection
	GlobalSection(SolutionProperties) = preSolution
		HideSolutionNode = FALSE
	EndGlobalSection
EndGlobal
